
Microsoft Visual Studio Solution File, Format Version 12.00
# Visual Studio 14
VisualStudioVersion = 14.0.25420.1
MinimumVisualStudioVersion = 10.0.40219.1
Project("{FAE04EC0-301F-11D3-BF4B-00C04F79EFBC}") = "Dropshot.WebServices", "src\Dropshot.WebServices\Dropshot.WebServices.csproj", "{E6951217-C0DD-4EC0-9B22-0D6B557CC1D1}"
EndProject
Project("{FAE04EC0-301F-11D3-BF4B-00C04F79EFBC}") = "Dropshot.Patcher", "src\Dropshot.Patcher\Dropshot.Patcher.csproj", "{E567BFFE-1FCB-4607-B766-D3D03F1926A2}"
EndProject
Project("{FAE04EC0-301F-11D3-BF4B-00C04F79EFBC}") = "Dropshot.Realtime.CommServer", "src\Dropshot.Realtime.CommServer\Dropshot.Realtime.CommServer.csproj", "{489BB847-94C7-420F-944C-13F66C82D4FA}"
EndProject
Global
	GlobalSection(SolutionConfigurationPlatforms) = preSolution
		Debug|Any CPU = Debug|Any CPU
		Release|Any CPU = Release|Any CPU
	EndGlobalSection
	GlobalSection(ProjectConfigurationPlatforms) = postSolution
		{E6951217-C0DD-4EC0-9B22-0D6B557CC1D1}.Debug|Any CPU.ActiveCfg = Debug|Any CPU
		{E6951217-C0DD-4EC0-9B22-0D6B557CC1D1}.Debug|Any CPU.Build.0 = Debug|Any CPU
		{E6951217-C0DD-4EC0-9B22-0D6B557CC1D1}.Release|Any CPU.ActiveCfg = Release|Any CPU
		{E6951217-C0DD-4EC0-9B22-0D6B557CC1D1}.Release|Any CPU.Build.0 = Release|Any CPU
		{E567BFFE-1FCB-4607-B766-D3D03F1926A2}.Debug|Any CPU.ActiveCfg = Debug|Any CPU
		{E567BFFE-1FCB-4607-B766-D3D03F1926A2}.Debug|Any CPU.Build.0 = Debug|Any CPU
		{E567BFFE-1FCB-4607-B766-D3D03F1926A2}.Release|Any CPU.ActiveCfg = Release|Any CPU
		{E567BFFE-1FCB-4607-B766-D3D03F1926A2}.Release|Any CPU.Build.0 = Release|Any CPU
		{489BB847-94C7-420F-944C-13F66C82D4FA}.Debug|Any CPU.ActiveCfg = Debug|Any CPU
		{489BB847-94C7-420F-944C-13F66C82D4FA}.Debug|Any CPU.Build.0 = Debug|Any CPU
		{489BB847-94C7-420F-944C-13F66C82D4FA}.Release|Any CPU.ActiveCfg = Release|Any CPU
		{489BB847-94C7-420F-944C-13F66C82D4FA}.Release|Any CPU.Build.0 = Release|Any CPU
	EndGlobalSection
	GlobalSection(SolutionProperties) = preSolution
		HideSolutionNode = FALSE
	EndGlobalSection
EndGlobal
